
Microsoft Visual Studio Solution File, Format Version 12.00
# Visual Studio 14
VisualStudioVersion = 14.0.25420.1
MinimumVisualStudioVersion = 10.0.40219.1
Project("{F184B08F-C81C-45F6-A57F-5ABD9991F28F}") = "WritingJSONfiles", "WritingJSONfiles\WritingJSONfiles.vbproj", "{8B487AC4-6747-4C3F-BDFD-C0A9E3C84D37}"
EndProject
Global
	GlobalSection(SolutionConfigurationPlatforms) = preSolution
		Debug|Any CPU = Debug|Any CPU
		Release|Any CPU = Release|Any CPU
	EndGlobalSection
	GlobalSection(ProjectConfigurationPlatforms) = postSolution
		{8B487AC4-6747-4C3F-BDFD-C0A9E3C84D37}.Debug|Any CPU.ActiveCfg = Debug|Any CPU
		{8B487AC4-6747-4C3F-BDFD-C0A9E3C84D37}.Debug|Any CPU.Build.0 = Debug|Any CPU
		{8B487AC4-6747-4C3F-BDFD-C0A9E3C84D37}.Release|Any CPU.ActiveCfg = Release|Any CPU
		{8B487AC4-6747-4C3F-BDFD-C0A9E3C84D37}.Release|Any CPU.Build.0 = Release|Any CPU
	EndGlobalSection
	GlobalSection(SolutionProperties) = preSolution
		HideSolutionNode = FALSE
	EndGlobalSection
EndGlobal
